
Microsoft Visual Studio Solution File, Format Version 12.00
# Visual Studio 14
VisualStudioVersion = 14.0.25420.1
MinimumVisualStudioVersion = 10.0.40219.1
Project("{FAE04EC0-301F-11D3-BF4B-00C04F79EFBC}") = "DllTest", "DllTest\DllTest.csproj", "{4A97ADD1-B39B-4E95-8974-62AC731EF95C}"
EndProject
Project("{FAE04EC0-301F-11D3-BF4B-00C04F79EFBC}") = "WinForms", "..\WinForms\WinForms.csproj", "{F891511D-BA28-437D-ACDD-1B3DEE65599F}"
EndProject
Global
	GlobalSection(SolutionConfigurationPlatforms) = preSolution
		Debug|Any CPU = Debug|Any CPU
		Release|Any CPU = Release|Any CPU
	EndGlobalSection
	GlobalSection(ProjectConfigurationPlatforms) = postSolution
		{4A97ADD1-B39B-4E95-8974-62AC731EF95C}.Debug|Any CPU.ActiveCfg = Debug|Any CPU
		{4A97ADD1-B39B-4E95-8974-62AC731EF95C}.Debug|Any CPU.Build.0 = Debug|Any CPU
		{4A97ADD1-B39B-4E95-8974-62AC731EF95C}.Release|Any CPU.ActiveCfg = Release|Any CPU
		{4A97ADD1-B39B-4E95-8974-62AC731EF95C}.Release|Any CPU.Build.0 = Release|Any CPU
		{F891511D-BA28-437D-ACDD-1B3DEE65599F}.Debug|Any CPU.ActiveCfg = Debug|Any CPU
		{F891511D-BA28-437D-ACDD-1B3DEE65599F}.Debug|Any CPU.Build.0 = Debug|Any CPU
		{F891511D-BA28-437D-ACDD-1B3DEE65599F}.Release|Any CPU.ActiveCfg = Release|Any CPU
		{F891511D-BA28-437D-ACDD-1B3DEE65599F}.Release|Any CPU.Build.0 = Release|Any CPU
	EndGlobalSection
	GlobalSection(SolutionProperties) = preSolution
		HideSolutionNode = FALSE
	EndGlobalSection
EndGlobal
